
Microsoft Visual Studio Solution File, Format Version 12.00
# Visual Studio Version 17
VisualStudioVersion = 17.5.002.0
MinimumVisualStudioVersion = 10.0.40219.1
Project("{2150E333-8FDC-42A3-9474-1A3956D46DE8}") = "src", "src", "{969BA9C6-83B6-4314-A2B0-DBD17F5BE6B5}"
EndProject
Project("{9A19103F-16F7-4668-BE54-9A1E7A4F7556}") = "AiCli.App", "src\AiCli.App\AiCli.App.csproj", "{E7C04ECB-128F-40ED-B4FD-832C005B1C18}"
EndProject
Global
	GlobalSection(SolutionConfigurationPlatforms) = preSolution
		Debug|Any CPU = Debug|Any CPU
		Release|Any CPU = Release|Any CPU
	EndGlobalSection
	GlobalSection(ProjectConfigurationPlatforms) = postSolution
		{E7C04ECB-128F-40ED-B4FD-832C005B1C18}.Debug|Any CPU.ActiveCfg = Debug|Any CPU
		{E7C04ECB-128F-40ED-B4FD-832C005B1C18}.Debug|Any CPU.Build.0 = Debug|Any CPU
		{E7C04ECB-128F-40ED-B4FD-832C005B1C18}.Release|Any CPU.ActiveCfg = Release|Any CPU
		{E7C04ECB-128F-40ED-B4FD-832C005B1C18}.Release|Any CPU.Build.0 = Release|Any CPU
		{F2E9F373-D520-4581-B7E9-17FF195FC5CE}.Debug|Any CPU.ActiveCfg = Debug|Any CPU
		{F2E9F373-D520-4581-B7E9-17FF195FC5CE}.Debug|Any CPU.Build.0 = Debug|Any CPU
		{F2E9F373-D520-4581-B7E9-17FF195FC5CE}.Release|Any CPU.ActiveCfg = Release|Any CPU
		{F2E9F373-D520-4581-B7E9-17FF195FC5CE}.Release|Any CPU.Build.0 = Release|Any CPU
	EndGlobalSection
	GlobalSection(SolutionProperties) = preSolution
		HideSolutionNode = FALSE
	EndGlobalSection
	GlobalSection(NestedProjects) = preSolution
		{E7C04ECB-128F-40ED-B4FD-832C005B1C18} = {969BA9C6-83B6-4314-A2B0-DBD17F5BE6B5}
		{F2E9F373-D520-4581-B7E9-17FF195FC5CE} = {969BA9C6-83B6-4314-A2B0-DBD17F5BE6B5}
	EndGlobalSection
	GlobalSection(ExtensibilityGlobals) = postSolution
		SolutionGuid = {32277C2E-4B5B-4A00-A2D7-7D759089D0CA}
	EndGlobalSection
EndGlobal
